// !$*UTF8*$!
{
	archiveVersion = 1;
	classes = {
	};
	objectVersion = 46;
	objects = {

/* Begin PBXBuildFile section */
		572307321AE547650061552E /* AppDelegate.swift in Sources */ = {isa = PBXBuildFile; fileRef = 572307311AE547650061552E /* AppDelegate.swift */; };
		572307341AE547650061552E /* ViewController.swift in Sources */ = {isa = PBXBuildFile; fileRef = 572307331AE547650061552E /* ViewController.swift */; };
		572307371AE547650061552E /* Main.storyboard in Resources */ = {isa = PBXBuildFile; fileRef = 572307351AE547650061552E /* Main.storyboard */; };
		572307391AE547650061552E /* Images.xcassets in Resources */ = {isa = PBXBuildFile; fileRef = 572307381AE547650061552E /* Images.xcassets */; };
		5723073C1AE547650061552E /* LaunchScreen.xib in Resources */ = {isa = PBXBuildFile; fileRef = 5723073A1AE547650061552E /* LaunchScreen.xib */; };
		572307481AE547660061552E /* ExampleTests.swift in Sources */ = {isa = PBXBuildFile; fileRef = 572307471AE547660061552E /* ExampleTests.swift */; };
		B2AA0D2A32696E32D6584C58 /* Pods_Example.framework in Frameworks */ = {isa = PBXBuildFile; fileRef = 76C276E97214517941084BEC /* Pods_Example.framework */; settings = {ATTRIBUTES = (Weak, ); }; };
/* End PBXBuildFile section */

/* Begin PBXContainerItemProxy section */
		572307421AE547660061552E /* PBXContainerItemProxy */ = {
			isa = PBXContainerItemProxy;
			containerPortal = 572307241AE547650061552E /* Project object */;
			proxyType = 1;
			remoteGlobalIDString = 5723072B1AE547650061552E;
			remoteInfo = Example;
		};
/* End PBXContainerItemProxy section */

/* Begin PBXFileReference section */
		5723072C1AE547650061552E /* Example.app */ = {isa = PBXFileReference; explicitFileType = wrapper.application; includeInIndex = 0; path = Example.app; sourceTree = BUILT_PRODUCTS_DIR; };
		572307301AE547650061552E /* Info.plist */ = {isa = PBXFileReference; lastKnownFileType = text.plist.xml; path = Info.plist; sourceTree = "<group>"; };
		572307311AE547650061552E /* AppDelegate.swift */ = {isa = PBXFileReference; lastKnownFileType = sourcecode.swift; path = AppDelegate.swift; sourceTree = "<group>"; };
		572307331AE547650061552E /* ViewController.swift */ = {isa = PBXFileReference; lastKnownFileType = sourcecode.swift; path = ViewController.swift; sourceTree = "<group>"; };
		572307361AE547650061552E /* Base */ = {isa = PBXFileReference; lastKnownFileType = file.storyboard; name = Base; path = Base.lproj/Main.storyboard; sourceTree = "<group>"; };
		572307381AE547650061552E /* Images.xcassets */ = {isa = PBXFileReference; lastKnownFileType = folder.assetcatalog; path = Images.xcassets; sourceTree = "<group>"; };
		5723073B1AE547650061552E /* Base */ = {isa = PBXFileReference; lastKnownFileType = file.xib; name = Base; path = Base.lproj/LaunchScreen.xib; sourceTree = "<group>"; };
		572307411AE547660061552E /* ExampleTests.xctest */ = {isa = PBXFileReference; explicitFileType = wrapper.cfbundle; includeInIndex = 0; path = ExampleTests.xctest; sourceTree = BUILT_PRODUCTS_DIR; };
		572307461AE547660061552E /* Info.plist */ = {isa = PBXFileReference; lastKnownFileType = text.plist.xml; path = Info.plist; sourceTree = "<group>"; };
		572307471AE547660061552E /* ExampleTests.swift */ = {isa = PBXFileReference; lastKnownFileType = sourcecode.swift; path = ExampleTests.swift; sourceTree = "<group>"; };
		76C276E97214517941084BEC /* Pods_Example.framework */ = {isa = PBXFileReference; explicitFileType = wrapper.framework; includeInIndex = 0; path = Pods_Example.framework; sourceTree = BUILT_PRODUCTS_DIR; };
		861E82C9AB80D7F62FCA171A /* Pods-Example.debug.xcconfig */ = {isa = PBXFileReference; includeInIndex = 1; lastKnownFileType = text.xcconfig; name = "Pods-Example.debug.xcconfig"; path = "Pods/Target Support Files/Pods-Example/Pods-Example.debug.xcconfig"; sourceTree = "<group>"; };
		F72196CB84A1FAC57FBAD334 /* Pods-Example.release.xcconfig */ = {isa = PBXFileReference; includeInIndex = 1; lastKnownFileType = text.xcconfig; name = "Pods-Example.release.xcconfig"; path = "Pods/Target Support Files/Pods-Example/Pods-Example.release.xcconfig"; sourceTree = "<group>"; };
/* End PBXFileReference section */

/* Begin PBXFrameworksBuildPhase section */
		572307291AE547650061552E /* Frameworks */ = {
			isa = PBXFrameworksBuildPhase;
			buildActionMask = 2147483647;
			files = (
				B2AA0D2A32696E32D6584C58 /* Pods_Example.framework in Frameworks */,
			);
			runOnlyForDeploymentPostprocessing = 0;
		};
		5723073E1AE547660061552E /* Frameworks */ = {
			isa = PBXFrameworksBuildPhase;
			buildActionMask = 2147483647;
			files = (
			);
			runOnlyForDeploymentPostprocessing = 0;
		};
/* End PBXFrameworksBuildPhase section */

/* Begin PBXGroup section */
		572307231AE547650061552E = {
			isa = PBXGroup;
			children = (
				5723072E1AE547650061552E /* Example */,
				572307441AE547660061552E /* ExampleTests */,
				5723072D1AE547650061552E /* Products */,
				91FCBEEFD55887EFDFCF3132 /* Pods */,
				B881415BFFA1373B2BFE4A09 /* Frameworks */,
			);
			sourceTree = "<group>";
		};
		5723072D1AE547650061552E /* Products */ = {
			isa = PBXGroup;
			children = (
				5723072C1AE547650061552E /* Example.app */,
				572307411AE547660061552E /* ExampleTests.xctest */,
			);
			name = Products;
			sourceTree = "<group>";
		};
		5723072E1AE547650061552E /* Example */ = {
			isa = PBXGroup;
			children = (
				572307311AE547650061552E /* AppDelegate.swift */,
				572307331AE547650061552E /* ViewController.swift */,
				572307351AE547650061552E /* Main.storyboard */,
				572307381AE547650061552E /* Images.xcassets */,
				5723073A1AE547650061552E /* LaunchScreen.xib */,
				5723072F1AE547650061552E /* Supporting Files */,
			);
			path = Example;
			sourceTree = "<group>";
		};
		5723072F1AE547650061552E /* Supporting Files */ = {
			isa = PBXGroup;
			children = (
				572307301AE547650061552E /* Info.plist */,
			);
			name = "Supporting Files";
			sourceTree = "<group>";
		};
		572307441AE547660061552E /* ExampleTests */ = {
			isa = PBXGroup;
			children = (
				572307471AE547660061552E /* ExampleTests.swift */,
				572307451AE547660061552E /* Supporting Files */,
			);
			path = ExampleTests;
			sourceTree = "<group>";
		};
		572307451AE547660061552E /* Supporting Files */ = {
			isa = PBXGroup;
			children = (
				572307461AE547660061552E /* Info.plist */,
			);
			name = "Supporting Files";
			sourceTree = "<group>";
		};
		91FCBEEFD55887EFDFCF3132 /* Pods */ = {
			isa = PBXGroup;
			children = (
				861E82C9AB80D7F62FCA171A /* Pods-Example.debug.xcconfig */,
				F72196CB84A1FAC57FBAD334 /* Pods-Example.release.xcconfig */,
			);
			name = Pods;
			sourceTree = "<group>";
		};
		B881415BFFA1373B2BFE4A09 /* Frameworks */ = {
			isa = PBXGroup;
			children = (
				76C276E97214517941084BEC /* Pods_Example.framework */,
			);
			name = Frameworks;
			sourceTree = "<group>";
		};
/* End PBXGroup section */

/* Begin PBXNativeTarget section */
		5723072B1AE547650061552E /* Example */ = {
			isa = PBXNativeTarget;
			buildConfigurationList = 5723074B1AE547660061552E /* Build configuration list for PBXNativeTarget "Example" */;
			buildPhases = (
				4E81A09E09C7179B8331E1CF /* Check Pods Manifest.lock */,
				572307281AE547650061552E /* Sources */,
				572307291AE547650061552E /* Frameworks */,
				5723072A1AE547650061552E /* Resources */,
				215B476CED34845E2EF1307E /* Embed Pods Frameworks */,
				EC5E4AD175FB26F671D330F6 /* Copy Pods Resources */,
			);
			buildRules = (
			);
			dependencies = (
			);
			name = Example;
			productName = Example;
			productReference = 5723072C1AE547650061552E /* Example.app */;
			productType = "com.apple.product-type.application";
		};
		572307401AE547660061552E /* ExampleTests */ = {
			isa = PBXNativeTarget;
			buildConfigurationList = 5723074E1AE547660061552E /* Build configuration list for PBXNativeTarget "ExampleTests" */;
			buildPhases = (
				5723073D1AE547660061552E /* Sources */,
				5723073E1AE547660061552E /* Frameworks */,
				5723073F1AE547660061552E /* Resources */,
			);
			buildRules = (
			);
			dependencies = (
				572307431AE547660061552E /* PBXTargetDependency */,
			);
			name = ExampleTests;
			productName = ExampleTests;
			productReference = 572307411AE547660061552E /* ExampleTests.xctest */;
			productType = "com.apple.product-type.bundle.unit-test";
		};
/* End PBXNativeTarget section */

/* Begin PBXProject section */
		572307241AE547650061552E /* Project object */ = {
			isa = PBXProject;
			attributes = {
				LastUpgradeCheck = 0630;
				ORGANIZATIONNAME = "Ultra Caption";
				TargetAttributes = {
					5723072B1AE547650061552E = {
						CreatedOnToolsVersion = 6.3;
					};
					572307401AE547660061552E = {
						CreatedOnToolsVersion = 6.3;
						TestTargetID = 5723072B1AE547650061552E;
					};
				};
			};
			buildConfigurationList = 572307271AE547650061552E /* Build configuration list for PBXProject "Example" */;
			compatibilityVersion = "Xcode 3.2";
			developmentRegion = English;
			hasScannedForEncodings = 0;
			knownRegions = (
				en,
				Base,
			);
			mainGroup = 572307231AE547650061552E;
			productRefGroup = 5723072D1AE547650061552E /* Products */;
			projectDirPath = "";
			projectRoot = "";
			targets = (
				5723072B1AE547650061552E /* Example */,
				572307401AE547660061552E /* ExampleTests */,
			);
		};
/* End PBXProject section */

/* Begin PBXResourcesBuildPhase section */
		5723072A1AE547650061552E /* Resources */ = {
			isa = PBXResourcesBuildPhase;
			buildActionMask = 2147483647;
			files = (
				572307371AE547650061552E /* Main.storyboard in Resources */,
				5723073C1AE547650061552E /* LaunchScreen.xib in Resources */,
				572307391AE547650061552E /* Images.xcassets in Resources */,
			);
			runOnlyForDeploymentPostprocessing = 0;
		};
		5723073F1AE547660061552E /* Resources */ = {
			isa = PBXResourcesBuildPhase;
			buildActionMask = 2147483647;
			files = (
			);
			runOnlyForDeploymentPostprocessing = 0;
		};
/* End PBXResourcesBuildPhase section */

/* Begin PBXShellScriptBuildPhase section */
		215B476CED34845E2EF1307E /* Embed Pods Frameworks */ = {
			isa = PBXShellScriptBuildPhase;
			buildActionMask = 2147483647;
			files = (
			);
			inputPaths = (
			);
			name = "Embed Pods Frameworks";
			outputPaths = (
			);
			runOnlyForDeploymentPostprocessing = 0;
			shellPath = /bin/sh;
			shellScript = "\"${SRCROOT}/Pods/Target Support Files/Pods-Example/Pods-Example-frameworks.sh\"\n";
			showEnvVarsInLog = 0;
		};
		4E81A09E09C7179B8331E1CF /* Check Pods Manifest.lock */ = {
			isa = PBXShellScriptBuildPhase;
			buildActionMask = 2147483647;
			files = (
			);
			inputPaths = (
			);
			name = "Check Pods Manifest.lock";
			outputPaths = (
			);
			runOnlyForDeploymentPostprocessing = 0;
			shellPath = /bin/sh;
			shellScript = "diff \"${PODS_ROOT}/../Podfile.lock\" \"${PODS_ROOT}/Manifest.lock\" > /dev/null\nif [[ $? != 0 ]] ; then\n    cat << EOM\nerror: The sandbox is not in sync with the Podfile.lock. Run 'pod install' or update your CocoaPods installation.\nEOM\n    exit 1\nfi\n";
			showEnvVarsInLog = 0;
		};
		EC5E4AD175FB26F671D330F6 /* Copy Pods Resources */ = {
			isa = PBXShellScriptBuildPhase;
			buildActionMask = 2147483647;
			files = (
			);
			inputPaths = (
			);
			name = "Copy Pods Resources";
			outputPaths = (
			);
			runOnlyForDeploymentPostprocessing = 0;
			shellPath = /bin/sh;
			shellScript = "\"${SRCROOT}/Pods/Target Support Files/Pods-Example/Pods-Example-resources.sh\"\n";
			showEnvVarsInLog = 0;
		};
/* End PBXShellScriptBuildPhase section */

/* Begin PBXSourcesBuildPhase section */
		572307281AE547650061552E /* Sources */ = {
			isa = PBXSourcesBuildPhase;
			buildActionMask = 2147483647;
			files = (
				572307341AE547650061552E /* ViewController.swift in Sources */,
				572307321AE547650061552E /* AppDelegate.swift in Sources */,
			);
			runOnlyForDeploymentPostprocessing = 0;
		};
		5723073D1AE547660061552E /* Sources */ = {
			isa = PBXSourcesBuildPhase;
			buildActionMask = 2147483647;
			files = (
				572307481AE547660061552E /* ExampleTests.swift in Sources */,
			);
			runOnlyForDeploymentPostprocessing = 0;
		};
/* End PBXSourcesBuildPhase section */

/* Begin PBXTargetDependency section */
		572307431AE547660061552E /* PBXTargetDependency */ = {
			isa = PBXTargetDependency;
			target = 5723072B1AE547650061552E /* Example */;
			targetProxy = 572307421AE547660061552E /* PBXContainerItemProxy */;
		};
/* End PBXTargetDependency section */

/* Begin PBXVariantGroup section */
		572307351AE547650061552E /* Main.storyboard */ = {
			isa = PBXVariantGroup;
			children = (
				572307361AE547650061552E /* Base */,
			);
			name = Main.storyboard;
			sourceTree = "<group>";
		};
		5723073A1AE547650061552E /* LaunchScreen.xib */ = {
			isa = PBXVariantGroup;
			children = (
				5723073B1AE547650061552E /* Base */,
			);
			name = LaunchScreen.xib;
			sourceTree = "<group>";
		};
/* End PBXVariantGroup section */

/* Begin XCBuildConfiguration section */
		572307491AE547660061552E /* Debug */ = {
			isa = XCBuildConfiguration;
			buildSettings = {
				ALWAYS_SEARCH_USER_PATHS = NO;
				CLANG_CXX_LANGUAGE_STANDARD = "gnu++0x";
				CLANG_CXX_LIBRARY = "libc++";
				CLANG_ENABLE_MODULES = YES;
				CLANG_ENABLE_OBJC_ARC = YES;
				CLANG_WARN_BOOL_CONVERSION = YES;
				CLANG_WARN_CONSTANT_CONVERSION = YES;
				CLANG_WARN_DIRECT_OBJC_ISA_USAGE = YES_ERROR;
				CLANG_WARN_EMPTY_BODY = YES;
				CLANG_WARN_ENUM_CONVERSION = YES;
				CLANG_WARN_INT_CONVERSION = YES;
				CLANG_WARN_OBJC_ROOT_CLASS = YES_ERROR;
				CLANG_WARN_UNREACHABLE_CODE = YES;
				CLANG_WARN__DUPLICATE_METHOD_MATCH = YES;
				"CODE_SIGN_IDENTITY[sdk=iphoneos*]" = "iPhone Developer";
				COPY_PHASE_STRIP = NO;
				DEBUG_INFORMATION_FORMAT = "dwarf-with-dsym";
				ENABLE_STRICT_OBJC_MSGSEND = YES;
				GCC_C_LANGUAGE_STANDARD = gnu99;
				GCC_DYNAMIC_NO_PIC = NO;
				GCC_NO_COMMON_BLOCKS = YES;
				GCC_OPTIMIZATION_LEVEL = 0;
				GCC_PREPROCESSOR_DEFINITIONS = (
					"DEBUG=1",
					"$(inherited)",
				);
				GCC_SYMBOLS_PRIVATE_EXTERN = NO;
				GCC_WARN_64_TO_32_BIT_CONVERSION = YES;
				GCC_WARN_ABOUT_RETURN_TYPE = YES_ERROR;
				GCC_WARN_UNDECLARED_SELECTOR = YES;
				GCC_WARN_UNINITIALIZED_AUTOS = YES_AGGRESSIVE;
				GCC_WARN_UNUSED_FUNCTION = YES;
				GCC_WARN_UNUSED_VARIABLE = YES;
				IPHONEOS_DEPLOYMENT_TARGET = 8.3;
				MTL_ENABLE_DEBUG_INFO = YES;
				ONLY_ACTIVE_ARCH = YES;
				SDKROOT = iphoneos;
				SWIFT_OPTIMIZATION_LEVEL = "-Onone";
			};
			name = Debug;
		};
		5723074A1AE547660061552E /* Release */ = {
			isa = XCBuildConfiguration;
			buildSettings = {
				ALWAYS_SEARCH_USER_PATHS = NO;
				CLANG_CXX_LANGUAGE_STANDARD = "gnu++0x";
				CLANG_CXX_LIBRARY = "libc++";
				CLANG_ENABLE_MODULES = YES;
				CLANG_ENABLE_OBJC_ARC = YES;
				CLANG_WARN_BOOL_CONVERSION = YES;
				CLANG_WARN_CONSTANT_CONVERSION = YES;
				CLANG_WARN_DIRECT_OBJC_ISA_USAGE = YES_ERROR;
				CLANG_WARN_EMPTY_BODY = YES;
				CLANG_WARN_ENUM_CONVERSION = YES;
				CLANG_WARN_INT_CONVERSION = YES;
				CLANG_WARN_OBJC_ROOT_CLASS = YES_ERROR;
				CLANG_WARN_UNREACHABLE_CODE = YES;
				CLANG_WARN__DUPLICATE_METHOD_MATCH = YES;
				"CODE_SIGN_IDENTITY[sdk=iphoneos*]" = "iPhone Developer";
				COPY_PHASE_STRIP = NO;
				DEBUG_INFORMATION_FORMAT = "dwarf-with-dsym";
				ENABLE_NS_ASSERTIONS = NO;
				ENABLE_STRICT_OBJC_MSGSEND = YES;
				GCC_C_LANGUAGE_STANDARD = gnu99;
				GCC_NO_COMMON_BLOCKS = YES;
				GCC_WARN_64_TO_32_BIT_CONVERSION = YES;
				GCC_WARN_ABOUT_RETURN_TYPE = YES_ERROR;
				GCC_WARN_UNDECLARED_SELECTOR = YES;
				GCC_WARN_UNINITIALIZED_AUTOS = YES_AGGRESSIVE;
				GCC_WARN_UNUSED_FUNCTION = YES;
				GCC_WARN_UNUSED_VARIABLE = YES;
				IPHONEOS_DEPLOYMENT_TARGET = 8.3;
				MTL_ENABLE_DEBUG_INFO = NO;
				SDKROOT = iphoneos;
				VALIDATE_PRODUCT = YES;
			};
			name = Release;
		};
		5723074C1AE547660061552E /* Debug */ = {
			isa = XCBuildConfiguration;
			baseConfigurationReference = 861E82C9AB80D7F62FCA171A /* Pods-Example.debug.xcconfig */;
			buildSettings = {
				ASSETCATALOG_COMPILER_APPICON_NAME = AppIcon;
				INFOPLIST_FILE = Example/Info.plist;
				IPHONEOS_DEPLOYMENT_TARGET = 7.0;
				LD_RUNPATH_SEARCH_PATHS = "$(inherited) @executable_path/Frameworks";
				PRODUCT_NAME = "$(TARGET_NAME)";
			};
			name = Debug;
		};
		5723074D1AE547660061552E /* Release */ = {
			isa = XCBuildConfiguration;
			baseConfigurationReference = F72196CB84A1FAC57FBAD334 /* Pods-Example.release.xcconfig */;
			buildSettings = {
				ASSETCATALOG_COMPILER_APPICON_NAME = AppIcon;
				INFOPLIST_FILE = Example/Info.plist;
				IPHONEOS_DEPLOYMENT_TARGET = 7.0;
				LD_RUNPATH_SEARCH_PATHS = "$(inherited) @executable_path/Frameworks";
				PRODUCT_NAME = "$(TARGET_NAME)";
			};
			name = Release;
		};
		5723074F1AE547660061552E /* Debug */ = {
			isa = XCBuildConfiguration;
			buildSettings = {
				BUNDLE_LOADER = "$(TEST_HOST)";
				FRAMEWORK_SEARCH_PATHS = (
					"$(SDKROOT)/Developer/Library/Frameworks",
					"$(inherited)",
				);
				GCC_PREPROCESSOR_DEFINITIONS = (
					"DEBUG=1",
					"$(inherited)",
				);
				INFOPLIST_FILE = ExampleTests/Info.plist;
				LD_RUNPATH_SEARCH_PATHS = "$(inherited) @executable_path/Frameworks @loader_path/Frameworks";
				PRODUCT_NAME = "$(TARGET_NAME)";
				TEST_HOST = "$(BUILT_PRODUCTS_DIR)/Example.app/Example";
			};
			name = Debug;
		};
		572307501AE547660061552E /* Release */ = {
			isa = XCBuildConfiguration;
			buildSettings = {
				BUNDLE_LOADER = "$(TEST_HOST)";
				FRAMEWORK_SEARCH_PATHS = (
					"$(SDKROOT)/Developer/Library/Frameworks",
					"$(inherited)",
				);
				INFOPLIST_FILE = ExampleTests/Info.plist;
				LD_RUNPATH_SEARCH_PATHS = "$(inherited) @executable_path/Frameworks @loader_path/Frameworks";
				PRODUCT_NAME = "$(TARGET_NAME)";
				TEST_HOST = "$(BUILT_PRODUCTS_DIR)/Example.app/Example";
			};
			name = Release;
		};
/* End XCBuildConfiguration section */

/* Begin XCConfigurationList section */
		572307271AE547650061552E /* Build configuration list for PBXProject "Example" */ = {
			isa = XCConfigurationList;
			buildConfigurations = (
				572307491AE547660061552E /* Debug */,
				5723074A1AE547660061552E /* Release */,
			);
			defaultConfigurationIsVisible = 0;
			defaultConfigurationName = Release;
		};
		5723074B1AE547660061552E /* Build configuration list for PBXNativeTarget "Example" */ = {
			isa = XCConfigurationList;
			buildConfigurations = (
				5723074C1AE547660061552E /* Debug */,
				5723074D1AE547660061552E /* Release */,
			);
			defaultConfigurationIsVisible = 0;
			defaultConfigurationName = Release;
		};
		5723074E1AE547660061552E /* Build configuration list for PBXNativeTarget "ExampleTests" */ = {
			isa = XCConfigurationList;
			buildConfigurations = (
				5723074F1AE547660061552E /* Debug */,
				572307501AE547660061552E /* Release */,
			);
			defaultConfigurationIsVisible = 0;
			defaultConfigurationName = Release;
		};
/* End XCConfigurationList section */
	};
	rootObject = 572307241AE547650061552E /* Project object */;
}
